
Microsoft Visual Studio Solution File, Format Version 12.00
# Visual Studio Version 17
VisualStudioVersion = 17.5.33516.290
MinimumVisualStudioVersion = 10.0.40219.1
Project("{2150E333-8FDC-42A3-9474-1A3956D46DE8}") = "Question2", "Question2", "{41111921-A15F-4B36-B511-30D09D8F1BDC}"
	ProjectSection(SolutionItems) = preProject
		Question2.Tables.sql = Question2.Tables.sql
		Question2.Script.sql = Question2.Script.sql
	EndProjectSection
EndProject
Project("{2150E333-8FDC-42A3-9474-1A3956D46DE8}") = "Question1", "Question1", "{C5F262F6-46C4-45C9-A3EA-9AD164F627CF}"
EndProject
Project("{FAE04EC0-301F-11D3-BF4B-00C04F79EFBC}") = "Question1.Library", "Question1.Library\Question1.Library.csproj", "{ADBDE2B6-9C0B-444F-928A-A3B9D35FAEE7}"
EndProject
Project("{FAE04EC0-301F-11D3-BF4B-00C04F79EFBC}") = "Question1.Tests", "Question1.Tests\Question1.Tests.csproj", "{4F45E7D3-179F-42EF-8702-1B5B75DE1EBB}"
EndProject
Global
	GlobalSection(SolutionConfigurationPlatforms) = preSolution
		Debug|Any CPU = Debug|Any CPU
		Release|Any CPU = Release|Any CPU
	EndGlobalSection
	GlobalSection(ProjectConfigurationPlatforms) = postSolution
		{ADBDE2B6-9C0B-444F-928A-A3B9D35FAEE7}.Debug|Any CPU.ActiveCfg = Debug|Any CPU
		{ADBDE2B6-9C0B-444F-928A-A3B9D35FAEE7}.Debug|Any CPU.Build.0 = Debug|Any CPU
		{ADBDE2B6-9C0B-444F-928A-A3B9D35FAEE7}.Release|Any CPU.ActiveCfg = Release|Any CPU
		{ADBDE2B6-9C0B-444F-928A-A3B9D35FAEE7}.Release|Any CPU.Build.0 = Release|Any CPU
		{4F45E7D3-179F-42EF-8702-1B5B75DE1EBB}.Debug|Any CPU.ActiveCfg = Debug|Any CPU
		{4F45E7D3-179F-42EF-8702-1B5B75DE1EBB}.Debug|Any CPU.Build.0 = Debug|Any CPU
		{4F45E7D3-179F-42EF-8702-1B5B75DE1EBB}.Release|Any CPU.ActiveCfg = Release|Any CPU
		{4F45E7D3-179F-42EF-8702-1B5B75DE1EBB}.Release|Any CPU.Build.0 = Release|Any CPU
	EndGlobalSection
	GlobalSection(SolutionProperties) = preSolution
		HideSolutionNode = FALSE
	EndGlobalSection
	GlobalSection(ExtensibilityGlobals) = postSolution
		SolutionGuid = {8DE76386-DA14-4028-AF15-D7CE68BC021C}
	EndGlobalSection
	GlobalSection(NestedProjects) = preSolution
		{ADBDE2B6-9C0B-444F-928A-A3B9D35FAEE7} = {C5F262F6-46C4-45C9-A3EA-9AD164F627CF}
		{4F45E7D3-179F-42EF-8702-1B5B75DE1EBB} = {C5F262F6-46C4-45C9-A3EA-9AD164F627CF}
	EndGlobalSection
EndGlobal
